<?xml version="1.0" encoding="utf-8"?>
<Project ToolsVersion="4.0" xmlns="http://schemas.microsoft.com/developer/msbuild/2003">
  <ItemGroup>
    <Filter Include="Source">
      <UniqueIdentifier>{eba3345a-0af1-4231-aa62-9a51ef398ebc}</UniqueIdentifier>
    </Filter>
    <Filter Include="Source\UI">
      <UniqueIdentifier>{4741e19a-de5f-41b2-b638-ce4c1b808f13}</UniqueIdentifier>
    </Filter>
    <Filter Include="Source\Classes">
      <UniqueIdentifier>{3b961c5e-14ee-4fce-adc3-ba35191e1237}</UniqueIdentifier>
    </Filter>
    <Filter Include="Source\Support Files">
      <UniqueIdentifier>{c04296ca-9978-49a5-adb8-9fa8542f3c7b}</UniqueIdentifier>
    </Filter>
    <Filter Include="Source\Main">
      <UniqueIdentifier>{5f8ccc67-e791-4cd0-a499-aa0b0946b8a8}</UniqueIdentifier>
    </Filter>
    <Filter Include="Source\Classes\Camera">
      <UniqueIdentifier>{14748635-25e4-4073-a0f6-ba1abab24d4f}</UniqueIdentifier>
    </Filter>
    <Filter Include="Source\Classes\Exporting">
      <UniqueIdentifier>{56745874-5905-4850-be50-ce2c12d1109d}</UniqueIdentifier>
    </Filter>
    <Filter Include="Source\Classes\Importing">
      <UniqueIdentifier>{bf3f830a-eeed-4965-86e9-30e9991b845e}</UniqueIdentifier>
    </Filter>
    <Filter Include="Source\Classes\DataCollectors">
      <UniqueIdentifier>{9506ff32-4f28-4ba5-9ec0-eaaf7ebac746}</UniqueIdentifier>
    </Filter>
    <Filter Include="Vendor">
      <UniqueIdentifier>{f77fb920-9973-4280-b5bb-7a7047935e45}</UniqueIdentifier>
    </Filter>
    <Filter Include="Vendor\SimpleJSON">
      <UniqueIdentifier>{f18b6365-18c7-4c6e-97c4-9f4f7a3f53e6}</UniqueIdentifier>
    </Filter>
    <Filter Include="Source\Classes\Misc">
      <UniqueIdentifier>{5d3dd5f9-9728-4920-9cf9-e3f42b8be87f}</UniqueIdentifier>
    </Filter>
  </ItemGroup>
  <ItemGroup>
    <None Include="..\bakkesmod\plugins\settings\CinematicsBuddy.set">
      <Filter>Source\UI</Filter>
    </None>
  </ItemGroup>
  <ItemGroup>
    <ClCompile Include="Source\Main\CinematicsBuddy.cpp">
      <Filter>Source\Main</Filter>
    </ClCompile>
    <ClCompile Include="Source\SupportFiles\SettingsFileGenerator.cpp">
      <Filter>Source\Support Files</Filter>
    </ClCompile>
    <ClCompile Include="Source\SupportFiles\CBUtils.cpp">
      <Filter>Source\Support Files</Filter>
    </ClCompile>
    <ClCompile Include="Source\Classes\Camera\CameraManager.cpp">
      <Filter>Source\Classes\Camera</Filter>
    </ClCompile>
    <ClCompile Include="Source\Classes\Exporting\AnimationExporter.cpp">
      <Filter>Source\Classes\Exporting</Filter>
    </ClCompile>
    <ClCompile Include="Source\Classes\Importing\AnimationImporter.cpp">
      <Filter>Source\Classes\Importing</Filter>
    </ClCompile>
    <ClCompile Include="Source\Classes\DataCollectors\FrameInfo.cpp">
      <Filter>Source\Classes\DataCollectors</Filter>
    </ClCompile>
    <ClCompile Include="Source\Classes\DataCollectors\FrameInfoCollectors.cpp">
      <Filter>Source\Classes\DataCollectors</Filter>
    </ClCompile>
    <ClCompile Include="Source\Classes\Exporting\AnimationBuffer.cpp">
      <Filter>Source\Classes\Exporting</Filter>
    </ClCompile>
    <ClCompile Include="Source\Classes\Exporting\AnimationRecorder.cpp">
      <Filter>Source\Classes\Exporting</Filter>
    </ClCompile>
    <ClCompile Include="Source\Classes\Misc\CBTimer.cpp">
      <Filter>Source\Classes\Misc</Filter>
    </ClCompile>
  </ItemGroup>
  <ItemGroup>
    <ClInclude Include="Source\Main\CinematicsBuddy.h">
      <Filter>Source\Main</Filter>
    </ClInclude>
    <ClInclude Include="Source\SupportFiles\MacrosStructsEnums.h">
      <Filter>Source\Support Files</Filter>
    </ClInclude>
    <ClInclude Include="Source\SupportFiles\CBUtils.h">
      <Filter>Source\Support Files</Filter>
    </ClInclude>
    <ClInclude Include="Source\Classes\Camera\CameraManager.h">
      <Filter>Source\Classes\Camera</Filter>
    </ClInclude>
    <ClInclude Include="Source\Classes\Exporting\AnimationExporter.h">
      <Filter>Source\Classes\Exporting</Filter>
    </ClInclude>
    <ClInclude Include="Source\Classes\Importing\AnimationImporter.h">
      <Filter>Source\Classes\Importing</Filter>
    </ClInclude>
    <ClInclude Include="Source\Classes\DataCollectors\FrameInfo.h">
      <Filter>Source\Classes\DataCollectors</Filter>
    </ClInclude>
    <ClInclude Include="Source\Classes\DataCollectors\FrameInfoCollectors.h">
      <Filter>Source\Classes\DataCollectors</Filter>
    </ClInclude>
    <ClInclude Include="Vendor\SimpleJSON\json.hpp">
      <Filter>Vendor\SimpleJSON</Filter>
    </ClInclude>
    <ClInclude Include="Source\Classes\Exporting\AnimationBuffer.h">
      <Filter>Source\Classes\Exporting</Filter>
    </ClInclude>
    <ClInclude Include="Source\Classes\Exporting\AnimationRecorder.h">
      <Filter>Source\Classes\Exporting</Filter>
    </ClInclude>
    <ClInclude Include="Source\Classes\Misc\CBTimer.h">
      <Filter>Source\Classes\Misc</Filter>
    </ClInclude>
  </ItemGroup>
</Project>