
Microsoft Visual Studio Solution File, Format Version 12.00
# Visual Studio Version 16
VisualStudioVersion = 16.0.30907.101
MinimumVisualStudioVersion = 10.0.40219.1
Project("{8BC9CEB8-8B4A-11D0-8D11-00A0C91BC942}") = "CinematicsBuddy", "CinematicsBuddy\CinematicsBuddy.vcxproj", "{819C6923-450A-4169-88E2-5FAF96D4C077}"
EndProject
Global
	GlobalSection(SolutionConfigurationPlatforms) = preSolution
		Release|x64 = Release|x64
	EndGlobalSection
	GlobalSection(ProjectConfigurationPlatforms) = postSolution
		{819C6923-450A-4169-88E2-5FAF96D4C077}.Release|x64.ActiveCfg = Release|x64
		{819C6923-450A-4169-88E2-5FAF96D4C077}.Release|x64.Build.0 = Release|x64
	EndGlobalSection
	GlobalSection(SolutionProperties) = preSolution
		HideSolutionNode = FALSE
	EndGlobalSection
	GlobalSection(ExtensibilityGlobals) = postSolution
		SolutionGuid = {C6E59317-DFA8-4C6F-80FF-9E728208BC35}
	EndGlobalSection
EndGlobal
